
Microsoft Visual Studio Solution File, Format Version 12.00
# Visual Studio Version 16
VisualStudioVersion = 16.0.32228.343
MinimumVisualStudioVersion = 10.0.40219.1
Project("{9A19103F-16F7-4668-BE54-9A1E7A4F7556}") = "Vtd.Customer.RestService.Lib", "Vtd.Customer.RestService.Lib.csproj", "{B1E27A7D-EC36-4FED-990A-3447EE7AD577}"
EndProject
Global
	GlobalSection(SolutionConfigurationPlatforms) = preSolution
		Debug|Any CPU = Debug|Any CPU
		Release|Any CPU = Release|Any CPU
	EndGlobalSection
	GlobalSection(ProjectConfigurationPlatforms) = postSolution
		{B1E27A7D-EC36-4FED-990A-3447EE7AD577}.Debug|Any CPU.ActiveCfg = Debug|Any CPU
		{B1E27A7D-EC36-4FED-990A-3447EE7AD577}.Debug|Any CPU.Build.0 = Debug|Any CPU
		{B1E27A7D-EC36-4FED-990A-3447EE7AD577}.Release|Any CPU.ActiveCfg = Release|Any CPU
		{B1E27A7D-EC36-4FED-990A-3447EE7AD577}.Release|Any CPU.Build.0 = Release|Any CPU
	EndGlobalSection
	GlobalSection(SolutionProperties) = preSolution
		HideSolutionNode = FALSE
	EndGlobalSection
	GlobalSection(ExtensibilityGlobals) = postSolution
		SolutionGuid = {8607FB28-336A-478D-9D0E-C4817244FFA8}
	EndGlobalSection
EndGlobal
