
Microsoft Visual Studio Solution File, Format Version 12.00
# Visual Studio Version 16
VisualStudioVersion = 16.0.32228.343
MinimumVisualStudioVersion = 10.0.40219.1
Project("{9A19103F-16F7-4668-BE54-9A1E7A4F7556}") = "Vtd.Vehicle.RestService.Api", "Vehicle.RestService\Vtd.Vehicle.RestService.Api.csproj", "{02C6B603-0D36-424C-9969-8F031EE91244}"
EndProject
Project("{9A19103F-16F7-4668-BE54-9A1E7A4F7556}") = "Vtd.Vehicle.RestService.Lib", "Vehicle.RestService.Lib\Vtd.Vehicle.RestService.Lib.csproj", "{E3A83523-E961-4F4B-8CED-FDE0E9201EA4}"
EndProject
Global
	GlobalSection(SolutionConfigurationPlatforms) = preSolution
		Debug|Any CPU = Debug|Any CPU
		Release|Any CPU = Release|Any CPU
	EndGlobalSection
	GlobalSection(ProjectConfigurationPlatforms) = postSolution
		{02C6B603-0D36-424C-9969-8F031EE91244}.Debug|Any CPU.ActiveCfg = Debug|Any CPU
		{02C6B603-0D36-424C-9969-8F031EE91244}.Debug|Any CPU.Build.0 = Debug|Any CPU
		{02C6B603-0D36-424C-9969-8F031EE91244}.Release|Any CPU.ActiveCfg = Release|Any CPU
		{02C6B603-0D36-424C-9969-8F031EE91244}.Release|Any CPU.Build.0 = Release|Any CPU
		{E3A83523-E961-4F4B-8CED-FDE0E9201EA4}.Debug|Any CPU.ActiveCfg = Debug|Any CPU
		{E3A83523-E961-4F4B-8CED-FDE0E9201EA4}.Debug|Any CPU.Build.0 = Debug|Any CPU
		{E3A83523-E961-4F4B-8CED-FDE0E9201EA4}.Release|Any CPU.ActiveCfg = Release|Any CPU
		{E3A83523-E961-4F4B-8CED-FDE0E9201EA4}.Release|Any CPU.Build.0 = Release|Any CPU
	EndGlobalSection
	GlobalSection(SolutionProperties) = preSolution
		HideSolutionNode = FALSE
	EndGlobalSection
	GlobalSection(ExtensibilityGlobals) = postSolution
		SolutionGuid = {26999456-46F5-45D2-97E0-95A7CCE44683}
	EndGlobalSection
EndGlobal
